
Microsoft Visual Studio Solution File, Format Version 12.00
# Visual Studio Version 17
VisualStudioVersion = 17.11.35219.272
MinimumVisualStudioVersion = 10.0.40219.1
Project("{FAE04EC0-301F-11D3-BF4B-00C04F79EFBC}") = "NZWalksAPI", "NZWalksAPI\NZWalksAPI.csproj", "{17303AB5-EE83-43C0-BDE2-F8EF78C826E3}"
EndProject
Global
	GlobalSection(SolutionConfigurationPlatforms) = preSolution
		Debug|Any CPU = Debug|Any CPU
		Release|Any CPU = Release|Any CPU
	EndGlobalSection
	GlobalSection(ProjectConfigurationPlatforms) = postSolution
		{17303AB5-EE83-43C0-BDE2-F8EF78C826E3}.Debug|Any CPU.ActiveCfg = Debug|Any CPU
		{17303AB5-EE83-43C0-BDE2-F8EF78C826E3}.Debug|Any CPU.Build.0 = Debug|Any CPU
		{17303AB5-EE83-43C0-BDE2-F8EF78C826E3}.Release|Any CPU.ActiveCfg = Release|Any CPU
		{17303AB5-EE83-43C0-BDE2-F8EF78C826E3}.Release|Any CPU.Build.0 = Release|Any CPU
	EndGlobalSection
	GlobalSection(SolutionProperties) = preSolution
		HideSolutionNode = FALSE
	EndGlobalSection
	GlobalSection(ExtensibilityGlobals) = postSolution
		SolutionGuid = {C95880C3-6C6A-45F7-A55B-9997023DF275}
	EndGlobalSection
EndGlobal
